
Microsoft Visual Studio Solution File, Format Version 12.00
# Visual Studio Version 16
VisualStudioVersion = 16.0.33027.164
MinimumVisualStudioVersion = 10.0.40219.1
Project("{FAE04EC0-301F-11D3-BF4B-00C04F79EFBC}") = "lab2ex2", "lab2ex2\lab2ex2.csproj", "{BBD6CFEC-933A-4EB3-87C2-9A06F99466BF}"
EndProject
Global
	GlobalSection(SolutionConfigurationPlatforms) = preSolution
		Debug|Any CPU = Debug|Any CPU
		Release|Any CPU = Release|Any CPU
	EndGlobalSection
	GlobalSection(ProjectConfigurationPlatforms) = postSolution
		{BBD6CFEC-933A-4EB3-87C2-9A06F99466BF}.Debug|Any CPU.ActiveCfg = Debug|Any CPU
		{BBD6CFEC-933A-4EB3-87C2-9A06F99466BF}.Debug|Any CPU.Build.0 = Debug|Any CPU
		{BBD6CFEC-933A-4EB3-87C2-9A06F99466BF}.Release|Any CPU.ActiveCfg = Release|Any CPU
		{BBD6CFEC-933A-4EB3-87C2-9A06F99466BF}.Release|Any CPU.Build.0 = Release|Any CPU
	EndGlobalSection
	GlobalSection(SolutionProperties) = preSolution
		HideSolutionNode = FALSE
	EndGlobalSection
	GlobalSection(ExtensibilityGlobals) = postSolution
		SolutionGuid = {26929E9C-D75B-481E-8F04-8A343FD410F4}
	EndGlobalSection
EndGlobal
